
Microsoft Visual Studio Solution File, Format Version 12.00
# Visual Studio Version 16
VisualStudioVersion = 16.0.29609.76
MinimumVisualStudioVersion = 10.0.40219.1
Project("{FAE04EC0-301F-11D3-BF4B-00C04F79EFBC}") = "TesWnFrm", "TesWnFrm\TesWnFrm.csproj", "{B1BBD6FF-11B7-410F-A07C-6A2048FDA162}"
EndProject
Global
	GlobalSection(SolutionConfigurationPlatforms) = preSolution
		Debug|Any CPU = Debug|Any CPU
		Release|Any CPU = Release|Any CPU
	EndGlobalSection
	GlobalSection(ProjectConfigurationPlatforms) = postSolution
		{B1BBD6FF-11B7-410F-A07C-6A2048FDA162}.Debug|Any CPU.ActiveCfg = Debug|Any CPU
		{B1BBD6FF-11B7-410F-A07C-6A2048FDA162}.Debug|Any CPU.Build.0 = Debug|Any CPU
		{B1BBD6FF-11B7-410F-A07C-6A2048FDA162}.Release|Any CPU.ActiveCfg = Release|Any CPU
		{B1BBD6FF-11B7-410F-A07C-6A2048FDA162}.Release|Any CPU.Build.0 = Release|Any CPU
	EndGlobalSection
	GlobalSection(SolutionProperties) = preSolution
		HideSolutionNode = FALSE
	EndGlobalSection
	GlobalSection(ExtensibilityGlobals) = postSolution
		SolutionGuid = {2AFA2F1C-7F9A-4CB4-B7A4-B401EACA67E7}
	EndGlobalSection
EndGlobal
